// !$*UTF8*$!
{
	archiveVersion = 1;
	classes = {
	};
	objectVersion = 50;
	objects = {

/* Begin PBXBuildFile section */
		FA57F75D26A5828600FF93BF /* ReviewCell.swift in Sources */ = {isa = PBXBuildFile; fileRef = FA57F75C26A5828600FF93BF /* ReviewCell.swift */; };
		FA94749326A2B74B00F672E7 /* AppDelegate.swift in Sources */ = {isa = PBXBuildFile; fileRef = FA94749226A2B74B00F672E7 /* AppDelegate.swift */; };
		FA94749526A2B74B00F672E7 /* SceneDelegate.swift in Sources */ = {isa = PBXBuildFile; fileRef = FA94749426A2B74B00F672E7 /* SceneDelegate.swift */; };
		FA94749A26A2B74B00F672E7 /* Main.storyboard in Resources */ = {isa = PBXBuildFile; fileRef = FA94749826A2B74B00F672E7 /* Main.storyboard */; };
		FA94749C26A2B75100F672E7 /* Assets.xcassets in Resources */ = {isa = PBXBuildFile; fileRef = FA94749B26A2B75100F672E7 /* Assets.xcassets */; };
		FA94749F26A2B75100F672E7 /* LaunchScreen.storyboard in Resources */ = {isa = PBXBuildFile; fileRef = FA94749D26A2B75100F672E7 /* LaunchScreen.storyboard */; };
		FA9474AE26A2C9F200F672E7 /* Dessert.swift in Sources */ = {isa = PBXBuildFile; fileRef = FA9474AD26A2C9F200F672E7 /* Dessert.swift */; };
		FA9474B026A2CA4700F672E7 /* DessertDetailVC.swift in Sources */ = {isa = PBXBuildFile; fileRef = FA9474AF26A2CA4700F672E7 /* DessertDetailVC.swift */; };
		FA9474B426A2CD8B00F672E7 /* DataService.swift in Sources */ = {isa = PBXBuildFile; fileRef = FA9474B326A2CD8B00F672E7 /* DataService.swift */; };
		FA9474B626A2CD9E00F672E7 /* CellManager.swift in Sources */ = {isa = PBXBuildFile; fileRef = FA9474B526A2CD9E00F672E7 /* CellManager.swift */; };
		FAD6C8D226A436C700EF8B57 /* DessertTVC.swift in Sources */ = {isa = PBXBuildFile; fileRef = FAD6C8D126A436C700EF8B57 /* DessertTVC.swift */; };
		FAD6C8D426A43E0100EF8B57 /* ReviewsTVC.swift in Sources */ = {isa = PBXBuildFile; fileRef = FAD6C8D326A43E0100EF8B57 /* ReviewsTVC.swift */; };
		FAD6C8D626A4B8EB00EF8B57 /* NewReviewVC.swift in Sources */ = {isa = PBXBuildFile; fileRef = FAD6C8D526A4B8EB00EF8B57 /* NewReviewVC.swift */; };
/* End PBXBuildFile section */

/* Begin PBXFileReference section */
		FA57F75C26A5828600FF93BF /* ReviewCell.swift */ = {isa = PBXFileReference; lastKnownFileType = sourcecode.swift; path = ReviewCell.swift; sourceTree = "<group>"; };
		FA94748F26A2B74B00F672E7 /* MVCApp.app */ = {isa = PBXFileReference; explicitFileType = wrapper.application; includeInIndex = 0; path = MVCApp.app; sourceTree = BUILT_PRODUCTS_DIR; };
		FA94749226A2B74B00F672E7 /* AppDelegate.swift */ = {isa = PBXFileReference; lastKnownFileType = sourcecode.swift; path = AppDelegate.swift; sourceTree = "<group>"; };
		FA94749426A2B74B00F672E7 /* SceneDelegate.swift */ = {isa = PBXFileReference; lastKnownFileType = sourcecode.swift; path = SceneDelegate.swift; sourceTree = "<group>"; };
		FA94749926A2B74B00F672E7 /* Base */ = {isa = PBXFileReference; lastKnownFileType = file.storyboard; name = Base; path = Base.lproj/Main.storyboard; sourceTree = "<group>"; };
		FA94749B26A2B75100F672E7 /* Assets.xcassets */ = {isa = PBXFileReference; lastKnownFileType = folder.assetcatalog; path = Assets.xcassets; sourceTree = "<group>"; };
		FA94749E26A2B75100F672E7 /* Base */ = {isa = PBXFileReference; lastKnownFileType = file.storyboard; name = Base; path = Base.lproj/LaunchScreen.storyboard; sourceTree = "<group>"; };
		FA9474A026A2B75100F672E7 /* Info.plist */ = {isa = PBXFileReference; lastKnownFileType = text.plist.xml; path = Info.plist; sourceTree = "<group>"; };
		FA9474AD26A2C9F200F672E7 /* Dessert.swift */ = {isa = PBXFileReference; lastKnownFileType = sourcecode.swift; path = Dessert.swift; sourceTree = "<group>"; };
		FA9474AF26A2CA4700F672E7 /* DessertDetailVC.swift */ = {isa = PBXFileReference; lastKnownFileType = sourcecode.swift; path = DessertDetailVC.swift; sourceTree = "<group>"; };
		FA9474B326A2CD8B00F672E7 /* DataService.swift */ = {isa = PBXFileReference; lastKnownFileType = sourcecode.swift; path = DataService.swift; sourceTree = "<group>"; };
		FA9474B526A2CD9E00F672E7 /* CellManager.swift */ = {isa = PBXFileReference; lastKnownFileType = sourcecode.swift; path = CellManager.swift; sourceTree = "<group>"; };
		FAD6C8D126A436C700EF8B57 /* DessertTVC.swift */ = {isa = PBXFileReference; lastKnownFileType = sourcecode.swift; path = DessertTVC.swift; sourceTree = "<group>"; };
		FAD6C8D326A43E0100EF8B57 /* ReviewsTVC.swift */ = {isa = PBXFileReference; lastKnownFileType = sourcecode.swift; path = ReviewsTVC.swift; sourceTree = "<group>"; };
		FAD6C8D526A4B8EB00EF8B57 /* NewReviewVC.swift */ = {isa = PBXFileReference; lastKnownFileType = sourcecode.swift; path = NewReviewVC.swift; sourceTree = "<group>"; };
/* End PBXFileReference section */

/* Begin PBXFrameworksBuildPhase section */
		FA94748C26A2B74B00F672E7 /* Frameworks */ = {
			isa = PBXFrameworksBuildPhase;
			buildActionMask = 2147483647;
			files = (
			);
			runOnlyForDeploymentPostprocessing = 0;
		};
/* End PBXFrameworksBuildPhase section */

/* Begin PBXGroup section */
		FA94748626A2B74B00F672E7 = {
			isa = PBXGroup;
			children = (
				FA94749126A2B74B00F672E7 /* MVCApp */,
				FA94749026A2B74B00F672E7 /* Products */,
			);
			sourceTree = "<group>";
		};
		FA94749026A2B74B00F672E7 /* Products */ = {
			isa = PBXGroup;
			children = (
				FA94748F26A2B74B00F672E7 /* MVCApp.app */,
			);
			name = Products;
			sourceTree = "<group>";
		};
		FA94749126A2B74B00F672E7 /* MVCApp */ = {
			isa = PBXGroup;
			children = (
				FA9474AA26A2B7A200F672E7 /* Models */,
				FA9474A826A2B77000F672E7 /* Views */,
				FA9474A926A2B77900F672E7 /* Controllers */,
				FA9474AC26A2C9A400F672E7 /* Services */,
				FA9474A726A2B76800F672E7 /* Resources */,
				FA9474A626A2B76200F672E7 /* Apps */,
				FA9474A026A2B75100F672E7 /* Info.plist */,
			);
			path = MVCApp;
			sourceTree = "<group>";
		};
		FA9474A626A2B76200F672E7 /* Apps */ = {
			isa = PBXGroup;
			children = (
				FA94749226A2B74B00F672E7 /* AppDelegate.swift */,
				FA94749426A2B74B00F672E7 /* SceneDelegate.swift */,
			);
			path = Apps;
			sourceTree = "<group>";
		};
		FA9474A726A2B76800F672E7 /* Resources */ = {
			isa = PBXGroup;
			children = (
				FA94749B26A2B75100F672E7 /* Assets.xcassets */,
			);
			path = Resources;
			sourceTree = "<group>";
		};
		FA9474A826A2B77000F672E7 /* Views */ = {
			isa = PBXGroup;
			children = (
				FA94749826A2B74B00F672E7 /* Main.storyboard */,
				FA94749D26A2B75100F672E7 /* LaunchScreen.storyboard */,
			);
			path = Views;
			sourceTree = "<group>";
		};
		FA9474A926A2B77900F672E7 /* Controllers */ = {
			isa = PBXGroup;
			children = (
				FA9474AF26A2CA4700F672E7 /* DessertDetailVC.swift */,
				FAD6C8D126A436C700EF8B57 /* DessertTVC.swift */,
				FAD6C8D326A43E0100EF8B57 /* ReviewsTVC.swift */,
				FAD6C8D526A4B8EB00EF8B57 /* NewReviewVC.swift */,
				FA57F75C26A5828600FF93BF /* ReviewCell.swift */,
			);
			path = Controllers;
			sourceTree = "<group>";
		};
		FA9474AA26A2B7A200F672E7 /* Models */ = {
			isa = PBXGroup;
			children = (
				FA9474AD26A2C9F200F672E7 /* Dessert.swift */,
			);
			path = Models;
			sourceTree = "<group>";
		};
		FA9474AC26A2C9A400F672E7 /* Services */ = {
			isa = PBXGroup;
			children = (
				FA9474B326A2CD8B00F672E7 /* DataService.swift */,
				FA9474B526A2CD9E00F672E7 /* CellManager.swift */,
			);
			path = Services;
			sourceTree = "<group>";
		};
/* End PBXGroup section */

/* Begin PBXNativeTarget section */
		FA94748E26A2B74B00F672E7 /* MVCApp */ = {
			isa = PBXNativeTarget;
			buildConfigurationList = FA9474A326A2B75100F672E7 /* Build configuration list for PBXNativeTarget "MVCApp" */;
			buildPhases = (
				FA94748B26A2B74B00F672E7 /* Sources */,
				FA94748C26A2B74B00F672E7 /* Frameworks */,
				FA94748D26A2B74B00F672E7 /* Resources */,
			);
			buildRules = (
			);
			dependencies = (
			);
			name = MVCApp;
			productName = MVCApp;
			productReference = FA94748F26A2B74B00F672E7 /* MVCApp.app */;
			productType = "com.apple.product-type.application";
		};
/* End PBXNativeTarget section */

/* Begin PBXProject section */
		FA94748726A2B74B00F672E7 /* Project object */ = {
			isa = PBXProject;
			attributes = {
				LastSwiftUpdateCheck = 1250;
				LastUpgradeCheck = 1250;
				TargetAttributes = {
					FA94748E26A2B74B00F672E7 = {
						CreatedOnToolsVersion = 12.5.1;
					};
				};
			};
			buildConfigurationList = FA94748A26A2B74B00F672E7 /* Build configuration list for PBXProject "MVCApp" */;
			compatibilityVersion = "Xcode 9.3";
			developmentRegion = en;
			hasScannedForEncodings = 0;
			knownRegions = (
				en,
				Base,
			);
			mainGroup = FA94748626A2B74B00F672E7;
			productRefGroup = FA94749026A2B74B00F672E7 /* Products */;
			projectDirPath = "";
			projectRoot = "";
			targets = (
				FA94748E26A2B74B00F672E7 /* MVCApp */,
			);
		};
/* End PBXProject section */

/* Begin PBXResourcesBuildPhase section */
		FA94748D26A2B74B00F672E7 /* Resources */ = {
			isa = PBXResourcesBuildPhase;
			buildActionMask = 2147483647;
			files = (
				FA94749F26A2B75100F672E7 /* LaunchScreen.storyboard in Resources */,
				FA94749C26A2B75100F672E7 /* Assets.xcassets in Resources */,
				FA94749A26A2B74B00F672E7 /* Main.storyboard in Resources */,
			);
			runOnlyForDeploymentPostprocessing = 0;
		};
/* End PBXResourcesBuildPhase section */

/* Begin PBXSourcesBuildPhase section */
		FA94748B26A2B74B00F672E7 /* Sources */ = {
			isa = PBXSourcesBuildPhase;
			buildActionMask = 2147483647;
			files = (
				FA94749326A2B74B00F672E7 /* AppDelegate.swift in Sources */,
				FA57F75D26A5828600FF93BF /* ReviewCell.swift in Sources */,
				FAD6C8D226A436C700EF8B57 /* DessertTVC.swift in Sources */,
				FA9474AE26A2C9F200F672E7 /* Dessert.swift in Sources */,
				FA9474B026A2CA4700F672E7 /* DessertDetailVC.swift in Sources */,
				FA9474B426A2CD8B00F672E7 /* DataService.swift in Sources */,
				FAD6C8D626A4B8EB00EF8B57 /* NewReviewVC.swift in Sources */,
				FAD6C8D426A43E0100EF8B57 /* ReviewsTVC.swift in Sources */,
				FA9474B626A2CD9E00F672E7 /* CellManager.swift in Sources */,
				FA94749526A2B74B00F672E7 /* SceneDelegate.swift in Sources */,
			);
			runOnlyForDeploymentPostprocessing = 0;
		};
/* End PBXSourcesBuildPhase section */

/* Begin PBXVariantGroup section */
		FA94749826A2B74B00F672E7 /* Main.storyboard */ = {
			isa = PBXVariantGroup;
			children = (
				FA94749926A2B74B00F672E7 /* Base */,
			);
			name = Main.storyboard;
			sourceTree = "<group>";
		};
		FA94749D26A2B75100F672E7 /* LaunchScreen.storyboard */ = {
			isa = PBXVariantGroup;
			children = (
				FA94749E26A2B75100F672E7 /* Base */,
			);
			name = LaunchScreen.storyboard;
			sourceTree = "<group>";
		};
/* End PBXVariantGroup section */

/* Begin XCBuildConfiguration section */
		FA9474A126A2B75100F672E7 /* Debug */ = {
			isa = XCBuildConfiguration;
			buildSettings = {
				ALWAYS_SEARCH_USER_PATHS = NO;
				CLANG_ANALYZER_NONNULL = YES;
				CLANG_ANALYZER_NUMBER_OBJECT_CONVERSION = YES_AGGRESSIVE;
				CLANG_CXX_LANGUAGE_STANDARD = "gnu++14";
				CLANG_CXX_LIBRARY = "libc++";
				CLANG_ENABLE_MODULES = YES;
				CLANG_ENABLE_OBJC_ARC = YES;
				CLANG_ENABLE_OBJC_WEAK = YES;
				CLANG_WARN_BLOCK_CAPTURE_AUTORELEASING = YES;
				CLANG_WARN_BOOL_CONVERSION = YES;
				CLANG_WARN_COMMA = YES;
				CLANG_WARN_CONSTANT_CONVERSION = YES;
				CLANG_WARN_DEPRECATED_OBJC_IMPLEMENTATIONS = YES;
				CLANG_WARN_DIRECT_OBJC_ISA_USAGE = YES_ERROR;
				CLANG_WARN_DOCUMENTATION_COMMENTS = YES;
				CLANG_WARN_EMPTY_BODY = YES;
				CLANG_WARN_ENUM_CONVERSION = YES;
				CLANG_WARN_INFINITE_RECURSION = YES;
				CLANG_WARN_INT_CONVERSION = YES;
				CLANG_WARN_NON_LITERAL_NULL_CONVERSION = YES;
				CLANG_WARN_OBJC_IMPLICIT_RETAIN_SELF = YES;
				CLANG_WARN_OBJC_LITERAL_CONVERSION = YES;
				CLANG_WARN_OBJC_ROOT_CLASS = YES_ERROR;
				CLANG_WARN_QUOTED_INCLUDE_IN_FRAMEWORK_HEADER = YES;
				CLANG_WARN_RANGE_LOOP_ANALYSIS = YES;
				CLANG_WARN_STRICT_PROTOTYPES = YES;
				CLANG_WARN_SUSPICIOUS_MOVE = YES;
				CLANG_WARN_UNGUARDED_AVAILABILITY = YES_AGGRESSIVE;
				CLANG_WARN_UNREACHABLE_CODE = YES;
				CLANG_WARN__DUPLICATE_METHOD_MATCH = YES;
				COPY_PHASE_STRIP = NO;
				DEBUG_INFORMATION_FORMAT = dwarf;
				ENABLE_STRICT_OBJC_MSGSEND = YES;
				ENABLE_TESTABILITY = YES;
				GCC_C_LANGUAGE_STANDARD = gnu11;
				GCC_DYNAMIC_NO_PIC = NO;
				GCC_NO_COMMON_BLOCKS = YES;
				GCC_OPTIMIZATION_LEVEL = 0;
				GCC_PREPROCESSOR_DEFINITIONS = (
					"DEBUG=1",
					"$(inherited)",
				);
				GCC_WARN_64_TO_32_BIT_CONVERSION = YES;
				GCC_WARN_ABOUT_RETURN_TYPE = YES_ERROR;
				GCC_WARN_UNDECLARED_SELECTOR = YES;
				GCC_WARN_UNINITIALIZED_AUTOS = YES_AGGRESSIVE;
				GCC_WARN_UNUSED_FUNCTION = YES;
				GCC_WARN_UNUSED_VARIABLE = YES;
				IPHONEOS_DEPLOYMENT_TARGET = 14.5;
				MTL_ENABLE_DEBUG_INFO = INCLUDE_SOURCE;
				MTL_FAST_MATH = YES;
				ONLY_ACTIVE_ARCH = YES;
				SDKROOT = iphoneos;
				SWIFT_ACTIVE_COMPILATION_CONDITIONS = DEBUG;
				SWIFT_OPTIMIZATION_LEVEL = "-Onone";
			};
			name = Debug;
		};
		FA9474A226A2B75100F672E7 /* Release */ = {
			isa = XCBuildConfiguration;
			buildSettings = {
				ALWAYS_SEARCH_USER_PATHS = NO;
				CLANG_ANALYZER_NONNULL = YES;
				CLANG_ANALYZER_NUMBER_OBJECT_CONVERSION = YES_AGGRESSIVE;
				CLANG_CXX_LANGUAGE_STANDARD = "gnu++14";
				CLANG_CXX_LIBRARY = "libc++";
				CLANG_ENABLE_MODULES = YES;
				CLANG_ENABLE_OBJC_ARC = YES;
				CLANG_ENABLE_OBJC_WEAK = YES;
				CLANG_WARN_BLOCK_CAPTURE_AUTORELEASING = YES;
				CLANG_WARN_BOOL_CONVERSION = YES;
				CLANG_WARN_COMMA = YES;
				CLANG_WARN_CONSTANT_CONVERSION = YES;
				CLANG_WARN_DEPRECATED_OBJC_IMPLEMENTATIONS = YES;
				CLANG_WARN_DIRECT_OBJC_ISA_USAGE = YES_ERROR;
				CLANG_WARN_DOCUMENTATION_COMMENTS = YES;
				CLANG_WARN_EMPTY_BODY = YES;
				CLANG_WARN_ENUM_CONVERSION = YES;
				CLANG_WARN_INFINITE_RECURSION = YES;
				CLANG_WARN_INT_CONVERSION = YES;
				CLANG_WARN_NON_LITERAL_NULL_CONVERSION = YES;
				CLANG_WARN_OBJC_IMPLICIT_RETAIN_SELF = YES;
				CLANG_WARN_OBJC_LITERAL_CONVERSION = YES;
				CLANG_WARN_OBJC_ROOT_CLASS = YES_ERROR;
				CLANG_WARN_QUOTED_INCLUDE_IN_FRAMEWORK_HEADER = YES;
				CLANG_WARN_RANGE_LOOP_ANALYSIS = YES;
				CLANG_WARN_STRICT_PROTOTYPES = YES;
				CLANG_WARN_SUSPICIOUS_MOVE = YES;
				CLANG_WARN_UNGUARDED_AVAILABILITY = YES_AGGRESSIVE;
				CLANG_WARN_UNREACHABLE_CODE = YES;
				CLANG_WARN__DUPLICATE_METHOD_MATCH = YES;
				COPY_PHASE_STRIP = NO;
				DEBUG_INFORMATION_FORMAT = "dwarf-with-dsym";
				ENABLE_NS_ASSERTIONS = NO;
				ENABLE_STRICT_OBJC_MSGSEND = YES;
				GCC_C_LANGUAGE_STANDARD = gnu11;
				GCC_NO_COMMON_BLOCKS = YES;
				GCC_WARN_64_TO_32_BIT_CONVERSION = YES;
				GCC_WARN_ABOUT_RETURN_TYPE = YES_ERROR;
				GCC_WARN_UNDECLARED_SELECTOR = YES;
				GCC_WARN_UNINITIALIZED_AUTOS = YES_AGGRESSIVE;
				GCC_WARN_UNUSED_FUNCTION = YES;
				GCC_WARN_UNUSED_VARIABLE = YES;
				IPHONEOS_DEPLOYMENT_TARGET = 14.5;
				MTL_ENABLE_DEBUG_INFO = NO;
				MTL_FAST_MATH = YES;
				SDKROOT = iphoneos;
				SWIFT_COMPILATION_MODE = wholemodule;
				SWIFT_OPTIMIZATION_LEVEL = "-O";
				VALIDATE_PRODUCT = YES;
			};
			name = Release;
		};
		FA9474A426A2B75100F672E7 /* Debug */ = {
			isa = XCBuildConfiguration;
			buildSettings = {
				ASSETCATALOG_COMPILER_APPICON_NAME = AppIcon;
				ASSETCATALOG_COMPILER_GLOBAL_ACCENT_COLOR_NAME = AccentColor;
				CODE_SIGN_STYLE = Automatic;
				DEVELOPMENT_TEAM = 3FQ9QFHKC6;
				INFOPLIST_FILE = MVCApp/Info.plist;
				LD_RUNPATH_SEARCH_PATHS = (
					"$(inherited)",
					"@executable_path/Frameworks",
				);
				PRODUCT_BUNDLE_IDENTIFIER = by.HW.MVCApp;
				PRODUCT_NAME = "$(TARGET_NAME)";
				SWIFT_VERSION = 5.0;
				TARGETED_DEVICE_FAMILY = "1,2";
			};
			name = Debug;
		};
		FA9474A526A2B75100F672E7 /* Release */ = {
			isa = XCBuildConfiguration;
			buildSettings = {
				ASSETCATALOG_COMPILER_APPICON_NAME = AppIcon;
				ASSETCATALOG_COMPILER_GLOBAL_ACCENT_COLOR_NAME = AccentColor;
				CODE_SIGN_STYLE = Automatic;
				DEVELOPMENT_TEAM = 3FQ9QFHKC6;
				INFOPLIST_FILE = MVCApp/Info.plist;
				LD_RUNPATH_SEARCH_PATHS = (
					"$(inherited)",
					"@executable_path/Frameworks",
				);
				PRODUCT_BUNDLE_IDENTIFIER = by.HW.MVCApp;
				PRODUCT_NAME = "$(TARGET_NAME)";
				SWIFT_VERSION = 5.0;
				TARGETED_DEVICE_FAMILY = "1,2";
			};
			name = Release;
		};
/* End XCBuildConfiguration section */

/* Begin XCConfigurationList section */
		FA94748A26A2B74B00F672E7 /* Build configuration list for PBXProject "MVCApp" */ = {
			isa = XCConfigurationList;
			buildConfigurations = (
				FA9474A126A2B75100F672E7 /* Debug */,
				FA9474A226A2B75100F672E7 /* Release */,
			);
			defaultConfigurationIsVisible = 0;
			defaultConfigurationName = Release;
		};
		FA9474A326A2B75100F672E7 /* Build configuration list for PBXNativeTarget "MVCApp" */ = {
			isa = XCConfigurationList;
			buildConfigurations = (
				FA9474A426A2B75100F672E7 /* Debug */,
				FA9474A526A2B75100F672E7 /* Release */,
			);
			defaultConfigurationIsVisible = 0;
			defaultConfigurationName = Release;
		};
/* End XCConfigurationList section */
	};
	rootObject = FA94748726A2B74B00F672E7 /* Project object */;
}
